
Microsoft Visual Studio Solution File, Format Version 12.00
# Visual Studio Version 17
VisualStudioVersion = 17.3.32922.545
MinimumVisualStudioVersion = 10.0.40219.1
Project("{FAE04EC0-301F-11D3-BF4B-00C04F79EFBC}") = "IterationStatementsExerciseFive", "IterationStatementsExerciseFive\IterationStatementsExerciseFive.csproj", "{2E3C5B56-2537-45C6-8928-EFB3F190369E}"
EndProject
Global
	GlobalSection(SolutionConfigurationPlatforms) = preSolution
		Debug|Any CPU = Debug|Any CPU
		Release|Any CPU = Release|Any CPU
	EndGlobalSection
	GlobalSection(ProjectConfigurationPlatforms) = postSolution
		{2E3C5B56-2537-45C6-8928-EFB3F190369E}.Debug|Any CPU.ActiveCfg = Debug|Any CPU
		{2E3C5B56-2537-45C6-8928-EFB3F190369E}.Debug|Any CPU.Build.0 = Debug|Any CPU
		{2E3C5B56-2537-45C6-8928-EFB3F190369E}.Release|Any CPU.ActiveCfg = Release|Any CPU
		{2E3C5B56-2537-45C6-8928-EFB3F190369E}.Release|Any CPU.Build.0 = Release|Any CPU
	EndGlobalSection
	GlobalSection(SolutionProperties) = preSolution
		HideSolutionNode = FALSE
	EndGlobalSection
	GlobalSection(ExtensibilityGlobals) = postSolution
		SolutionGuid = {DD9BEC07-2950-4AF6-ACCA-A39A781054A9}
	EndGlobalSection
EndGlobal
